// !$*UTF8*$!
{
	archiveVersion = 1;
	classes = {
	};
	objectVersion = 50;
	objects = {

/* Begin PBXBuildFile section */
		3CDF41CDF53052DD1C8D5466 /* Pods_scheduleapp.framework in Frameworks */ = {isa = PBXBuildFile; fileRef = EC28A5F9A672ED6C88ED4BA5 /* Pods_scheduleapp.framework */; };
		9B18699A21042D8800FAB5CC /* SendMe.xcdatamodeld in Sources */ = {isa = PBXBuildFile; fileRef = 9B18699721042C1100FAB5CC /* SendMe.xcdatamodeld */; };
		9B386E4621067FF70049F307 /* greenStatus.png in Resources */ = {isa = PBXBuildFile; fileRef = 9B386E4521067FF70049F307 /* greenStatus.png */; };
		9B42EF9F211E3FEC00165B37 /* LoginViewController.swift in Sources */ = {isa = PBXBuildFile; fileRef = 9B42EF9E211E3FEC00165B37 /* LoginViewController.swift */; };
		9B42EFA1211E9FA800165B37 /* SettingsViewController.swift in Sources */ = {isa = PBXBuildFile; fileRef = 9B42EFA0211E9FA800165B37 /* SettingsViewController.swift */; };
		9B6816C620F55C5E00A2153F /* AppDelegate.swift in Sources */ = {isa = PBXBuildFile; fileRef = 9B6816C520F55C5E00A2153F /* AppDelegate.swift */; };
		9B6816C820F55C5E00A2153F /* ViewController.swift in Sources */ = {isa = PBXBuildFile; fileRef = 9B6816C720F55C5E00A2153F /* ViewController.swift */; };
		9B6816CB20F55C5E00A2153F /* Main.storyboard in Resources */ = {isa = PBXBuildFile; fileRef = 9B6816C920F55C5E00A2153F /* Main.storyboard */; };
		9B6816CD20F55C5E00A2153F /* Assets.xcassets in Resources */ = {isa = PBXBuildFile; fileRef = 9B6816CC20F55C5E00A2153F /* Assets.xcassets */; };
		9B6816D020F55C5E00A2153F /* LaunchScreen.storyboard in Resources */ = {isa = PBXBuildFile; fileRef = 9B6816CE20F55C5E00A2153F /* LaunchScreen.storyboard */; };
		9B6816DB20F55C5E00A2153F /* scheduleappTests.swift in Sources */ = {isa = PBXBuildFile; fileRef = 9B6816DA20F55C5E00A2153F /* scheduleappTests.swift */; };
		9B6816E620F55C5E00A2153F /* scheduleappUITests.swift in Sources */ = {isa = PBXBuildFile; fileRef = 9B6816E520F55C5E00A2153F /* scheduleappUITests.swift */; };
		9B6816F620F561DA00A2153F /* SecondViewController.swift in Sources */ = {isa = PBXBuildFile; fileRef = 9B6816F520F561DA00A2153F /* SecondViewController.swift */; };
		9B6816F820F5679E00A2153F /* MyViewCell.swift in Sources */ = {isa = PBXBuildFile; fileRef = 9B6816F720F5679E00A2153F /* MyViewCell.swift */; };
		9B827B0D2164762100A78BB3 /* GoogleService-Info.plist in Resources */ = {isa = PBXBuildFile; fileRef = 9B827B0C2164762100A78BB3 /* GoogleService-Info.plist */; };
		9BB72BEF215986410068F857 /* MySpecialCell.swift in Sources */ = {isa = PBXBuildFile; fileRef = 9BB72BEE215986410068F857 /* MySpecialCell.swift */; };
		D996A878A209932D91F3E7EB /* Pods_scheduleappTests.framework in Frameworks */ = {isa = PBXBuildFile; fileRef = DFDE53CAF4488741D6921B95 /* Pods_scheduleappTests.framework */; };
		FE60C0C82E94F75214812FEB /* Pods_scheduleappUITests.framework in Frameworks */ = {isa = PBXBuildFile; fileRef = C488F43EB6B711FC041C6177 /* Pods_scheduleappUITests.framework */; };
/* End PBXBuildFile section */

/* Begin PBXContainerItemProxy section */
		9B6816D720F55C5E00A2153F /* PBXContainerItemProxy */ = {
			isa = PBXContainerItemProxy;
			containerPortal = 9B6816BA20F55C5E00A2153F /* Project object */;
			proxyType = 1;
			remoteGlobalIDString = 9B6816C120F55C5E00A2153F;
			remoteInfo = scheduleapp;
		};
		9B6816E220F55C5E00A2153F /* PBXContainerItemProxy */ = {
			isa = PBXContainerItemProxy;
			containerPortal = 9B6816BA20F55C5E00A2153F /* Project object */;
			proxyType = 1;
			remoteGlobalIDString = 9B6816C120F55C5E00A2153F;
			remoteInfo = scheduleapp;
		};
/* End PBXContainerItemProxy section */

/* Begin PBXFileReference section */
		1FBACAB8D06312FAE915BC7E /* Pods-scheduleappUITests.debug.xcconfig */ = {isa = PBXFileReference; includeInIndex = 1; lastKnownFileType = text.xcconfig; name = "Pods-scheduleappUITests.debug.xcconfig"; path = "Pods/Target Support Files/Pods-scheduleappUITests/Pods-scheduleappUITests.debug.xcconfig"; sourceTree = "<group>"; };
		8D568909EB38EB3A8B7332F4 /* Pods-scheduleappUITests.release.xcconfig */ = {isa = PBXFileReference; includeInIndex = 1; lastKnownFileType = text.xcconfig; name = "Pods-scheduleappUITests.release.xcconfig"; path = "Pods/Target Support Files/Pods-scheduleappUITests/Pods-scheduleappUITests.release.xcconfig"; sourceTree = "<group>"; };
		9B18699821042C1100FAB5CC /* SendMe.xcdatamodel */ = {isa = PBXFileReference; lastKnownFileType = wrapper.xcdatamodel; path = SendMe.xcdatamodel; sourceTree = "<group>"; };
		9B386E4521067FF70049F307 /* greenStatus.png */ = {isa = PBXFileReference; lastKnownFileType = image.png; name = greenStatus.png; path = Images/greenStatus.png; sourceTree = "<group>"; };
		9B42EF9E211E3FEC00165B37 /* LoginViewController.swift */ = {isa = PBXFileReference; lastKnownFileType = sourcecode.swift; path = LoginViewController.swift; sourceTree = "<group>"; };
		9B42EFA0211E9FA800165B37 /* SettingsViewController.swift */ = {isa = PBXFileReference; lastKnownFileType = sourcecode.swift; path = SettingsViewController.swift; sourceTree = "<group>"; };
		9B6816C220F55C5E00A2153F /* scheduleapp.app */ = {isa = PBXFileReference; explicitFileType = wrapper.application; includeInIndex = 0; path = scheduleapp.app; sourceTree = BUILT_PRODUCTS_DIR; };
		9B6816C520F55C5E00A2153F /* AppDelegate.swift */ = {isa = PBXFileReference; lastKnownFileType = sourcecode.swift; path = AppDelegate.swift; sourceTree = "<group>"; };
		9B6816C720F55C5E00A2153F /* ViewController.swift */ = {isa = PBXFileReference; lastKnownFileType = sourcecode.swift; path = ViewController.swift; sourceTree = "<group>"; };
		9B6816CA20F55C5E00A2153F /* Base */ = {isa = PBXFileReference; lastKnownFileType = file.storyboard; name = Base; path = Base.lproj/Main.storyboard; sourceTree = "<group>"; };
		9B6816CC20F55C5E00A2153F /* Assets.xcassets */ = {isa = PBXFileReference; lastKnownFileType = folder.assetcatalog; path = Assets.xcassets; sourceTree = "<group>"; };
		9B6816CF20F55C5E00A2153F /* Base */ = {isa = PBXFileReference; lastKnownFileType = file.storyboard; name = Base; path = Base.lproj/LaunchScreen.storyboard; sourceTree = "<group>"; };
		9B6816D120F55C5E00A2153F /* Info.plist */ = {isa = PBXFileReference; lastKnownFileType = text.plist.xml; path = Info.plist; sourceTree = "<group>"; };
		9B6816D620F55C5E00A2153F /* scheduleappTests.xctest */ = {isa = PBXFileReference; explicitFileType = wrapper.cfbundle; includeInIndex = 0; path = scheduleappTests.xctest; sourceTree = BUILT_PRODUCTS_DIR; };
		9B6816DA20F55C5E00A2153F /* scheduleappTests.swift */ = {isa = PBXFileReference; lastKnownFileType = sourcecode.swift; path = scheduleappTests.swift; sourceTree = "<group>"; };
		9B6816DC20F55C5E00A2153F /* Info.plist */ = {isa = PBXFileReference; lastKnownFileType = text.plist.xml; path = Info.plist; sourceTree = "<group>"; };
		9B6816E120F55C5E00A2153F /* scheduleappUITests.xctest */ = {isa = PBXFileReference; explicitFileType = wrapper.cfbundle; includeInIndex = 0; path = scheduleappUITests.xctest; sourceTree = BUILT_PRODUCTS_DIR; };
		9B6816E520F55C5E00A2153F /* scheduleappUITests.swift */ = {isa = PBXFileReference; lastKnownFileType = sourcecode.swift; path = scheduleappUITests.swift; sourceTree = "<group>"; };
		9B6816E720F55C5E00A2153F /* Info.plist */ = {isa = PBXFileReference; lastKnownFileType = text.plist.xml; path = Info.plist; sourceTree = "<group>"; };
		9B6816F520F561DA00A2153F /* SecondViewController.swift */ = {isa = PBXFileReference; lastKnownFileType = sourcecode.swift; path = SecondViewController.swift; sourceTree = "<group>"; };
		9B6816F720F5679E00A2153F /* MyViewCell.swift */ = {isa = PBXFileReference; lastKnownFileType = sourcecode.swift; path = MyViewCell.swift; sourceTree = "<group>"; };
		9B827B0C2164762100A78BB3 /* GoogleService-Info.plist */ = {isa = PBXFileReference; fileEncoding = 4; lastKnownFileType = text.plist.xml; path = "GoogleService-Info.plist"; sourceTree = "<group>"; };
		9BB72BEE215986410068F857 /* MySpecialCell.swift */ = {isa = PBXFileReference; lastKnownFileType = sourcecode.swift; path = MySpecialCell.swift; sourceTree = "<group>"; };
		C488F43EB6B711FC041C6177 /* Pods_scheduleappUITests.framework */ = {isa = PBXFileReference; explicitFileType = wrapper.framework; includeInIndex = 0; path = Pods_scheduleappUITests.framework; sourceTree = BUILT_PRODUCTS_DIR; };
		D50DEFD8D6A85070B6F8AC75 /* Pods-scheduleappTests.debug.xcconfig */ = {isa = PBXFileReference; includeInIndex = 1; lastKnownFileType = text.xcconfig; name = "Pods-scheduleappTests.debug.xcconfig"; path = "Pods/Target Support Files/Pods-scheduleappTests/Pods-scheduleappTests.debug.xcconfig"; sourceTree = "<group>"; };
		DD0F8FE8DE9817CEE2907536 /* Pods-scheduleapp.release.xcconfig */ = {isa = PBXFileReference; includeInIndex = 1; lastKnownFileType = text.xcconfig; name = "Pods-scheduleapp.release.xcconfig"; path = "Pods/Target Support Files/Pods-scheduleapp/Pods-scheduleapp.release.xcconfig"; sourceTree = "<group>"; };
		DFCD8AAB6BAB5BEF1F9BCA8A /* Pods-scheduleapp.debug.xcconfig */ = {isa = PBXFileReference; includeInIndex = 1; lastKnownFileType = text.xcconfig; name = "Pods-scheduleapp.debug.xcconfig"; path = "Pods/Target Support Files/Pods-scheduleapp/Pods-scheduleapp.debug.xcconfig"; sourceTree = "<group>"; };
		DFDE53CAF4488741D6921B95 /* Pods_scheduleappTests.framework */ = {isa = PBXFileReference; explicitFileType = wrapper.framework; includeInIndex = 0; path = Pods_scheduleappTests.framework; sourceTree = BUILT_PRODUCTS_DIR; };
		E0D06111485C3D72CB3691D7 /* Pods-scheduleappTests.release.xcconfig */ = {isa = PBXFileReference; includeInIndex = 1; lastKnownFileType = text.xcconfig; name = "Pods-scheduleappTests.release.xcconfig"; path = "Pods/Target Support Files/Pods-scheduleappTests/Pods-scheduleappTests.release.xcconfig"; sourceTree = "<group>"; };
		EC28A5F9A672ED6C88ED4BA5 /* Pods_scheduleapp.framework */ = {isa = PBXFileReference; explicitFileType = wrapper.framework; includeInIndex = 0; path = Pods_scheduleapp.framework; sourceTree = BUILT_PRODUCTS_DIR; };
/* End PBXFileReference section */

/* Begin PBXFrameworksBuildPhase section */
		9B6816BF20F55C5E00A2153F /* Frameworks */ = {
			isa = PBXFrameworksBuildPhase;
			buildActionMask = 2147483647;
			files = (
				3CDF41CDF53052DD1C8D5466 /* Pods_scheduleapp.framework in Frameworks */,
			);
			runOnlyForDeploymentPostprocessing = 0;
		};
		9B6816D320F55C5E00A2153F /* Frameworks */ = {
			isa = PBXFrameworksBuildPhase;
			buildActionMask = 2147483647;
			files = (
				D996A878A209932D91F3E7EB /* Pods_scheduleappTests.framework in Frameworks */,
			);
			runOnlyForDeploymentPostprocessing = 0;
		};
		9B6816DE20F55C5E00A2153F /* Frameworks */ = {
			isa = PBXFrameworksBuildPhase;
			buildActionMask = 2147483647;
			files = (
				FE60C0C82E94F75214812FEB /* Pods_scheduleappUITests.framework in Frameworks */,
			);
			runOnlyForDeploymentPostprocessing = 0;
		};
/* End PBXFrameworksBuildPhase section */

/* Begin PBXGroup section */
		4E9E60B4490DC7D7035A6BFD /* Pods */ = {
			isa = PBXGroup;
			children = (
				DFCD8AAB6BAB5BEF1F9BCA8A /* Pods-scheduleapp.debug.xcconfig */,
				DD0F8FE8DE9817CEE2907536 /* Pods-scheduleapp.release.xcconfig */,
				D50DEFD8D6A85070B6F8AC75 /* Pods-scheduleappTests.debug.xcconfig */,
				E0D06111485C3D72CB3691D7 /* Pods-scheduleappTests.release.xcconfig */,
				1FBACAB8D06312FAE915BC7E /* Pods-scheduleappUITests.debug.xcconfig */,
				8D568909EB38EB3A8B7332F4 /* Pods-scheduleappUITests.release.xcconfig */,
			);
			name = Pods;
			sourceTree = "<group>";
		};
		8FB3EB46EF256D579DCE8BBC /* Frameworks */ = {
			isa = PBXGroup;
			children = (
				EC28A5F9A672ED6C88ED4BA5 /* Pods_scheduleapp.framework */,
				DFDE53CAF4488741D6921B95 /* Pods_scheduleappTests.framework */,
				C488F43EB6B711FC041C6177 /* Pods_scheduleappUITests.framework */,
			);
			name = Frameworks;
			sourceTree = "<group>";
		};
		9B6816B920F55C5E00A2153F = {
			isa = PBXGroup;
			children = (
				9B6816C420F55C5E00A2153F /* scheduleapp */,
				9B6816D920F55C5E00A2153F /* scheduleappTests */,
				9B6816E420F55C5E00A2153F /* scheduleappUITests */,
				9B6816C320F55C5E00A2153F /* Products */,
				9B386E4521067FF70049F307 /* greenStatus.png */,
				4E9E60B4490DC7D7035A6BFD /* Pods */,
				8FB3EB46EF256D579DCE8BBC /* Frameworks */,
			);
			sourceTree = "<group>";
		};
		9B6816C320F55C5E00A2153F /* Products */ = {
			isa = PBXGroup;
			children = (
				9B6816C220F55C5E00A2153F /* scheduleapp.app */,
				9B6816D620F55C5E00A2153F /* scheduleappTests.xctest */,
				9B6816E120F55C5E00A2153F /* scheduleappUITests.xctest */,
			);
			name = Products;
			sourceTree = "<group>";
		};
		9B6816C420F55C5E00A2153F /* scheduleapp */ = {
			isa = PBXGroup;
			children = (
				9B6816C520F55C5E00A2153F /* AppDelegate.swift */,
				9B18699721042C1100FAB5CC /* SendMe.xcdatamodeld */,
				9B6816F520F561DA00A2153F /* SecondViewController.swift */,
				9B6816C720F55C5E00A2153F /* ViewController.swift */,
				9B6816C920F55C5E00A2153F /* Main.storyboard */,
				9B42EFA0211E9FA800165B37 /* SettingsViewController.swift */,
				9B42EF9E211E3FEC00165B37 /* LoginViewController.swift */,
				9B6816F720F5679E00A2153F /* MyViewCell.swift */,
				9BB72BEE215986410068F857 /* MySpecialCell.swift */,
				9B6816CC20F55C5E00A2153F /* Assets.xcassets */,
				9B6816CE20F55C5E00A2153F /* LaunchScreen.storyboard */,
				9B6816D120F55C5E00A2153F /* Info.plist */,
				9B827B0C2164762100A78BB3 /* GoogleService-Info.plist */,
			);
			path = scheduleapp;
			sourceTree = "<group>";
		};
		9B6816D920F55C5E00A2153F /* scheduleappTests */ = {
			isa = PBXGroup;
			children = (
				9B6816DA20F55C5E00A2153F /* scheduleappTests.swift */,
				9B6816DC20F55C5E00A2153F /* Info.plist */,
			);
			path = scheduleappTests;
			sourceTree = "<group>";
		};
		9B6816E420F55C5E00A2153F /* scheduleappUITests */ = {
			isa = PBXGroup;
			children = (
				9B6816E520F55C5E00A2153F /* scheduleappUITests.swift */,
				9B6816E720F55C5E00A2153F /* Info.plist */,
			);
			path = scheduleappUITests;
			sourceTree = "<group>";
		};
/* End PBXGroup section */

/* Begin PBXNativeTarget section */
		9B6816C120F55C5E00A2153F /* scheduleapp */ = {
			isa = PBXNativeTarget;
			buildConfigurationList = 9B6816EA20F55C5E00A2153F /* Build configuration list for PBXNativeTarget "scheduleapp" */;
			buildPhases = (
				3ECA5F4590869ED38ED7B087 /* [CP] Check Pods Manifest.lock */,
				9B6816BE20F55C5E00A2153F /* Sources */,
				9B6816BF20F55C5E00A2153F /* Frameworks */,
				9B6816C020F55C5E00A2153F /* Resources */,
				F8AEDFDABD4EA2E3BE0429A9 /* [CP] Embed Pods Frameworks */,
			);
			buildRules = (
			);
			dependencies = (
			);
			name = scheduleapp;
			productName = scheduleapp;
			productReference = 9B6816C220F55C5E00A2153F /* scheduleapp.app */;
			productType = "com.apple.product-type.application";
		};
		9B6816D520F55C5E00A2153F /* scheduleappTests */ = {
			isa = PBXNativeTarget;
			buildConfigurationList = 9B6816ED20F55C5E00A2153F /* Build configuration list for PBXNativeTarget "scheduleappTests" */;
			buildPhases = (
				A524E64FC40B4E2A64E522D7 /* [CP] Check Pods Manifest.lock */,
				9B6816D220F55C5E00A2153F /* Sources */,
				9B6816D320F55C5E00A2153F /* Frameworks */,
				9B6816D420F55C5E00A2153F /* Resources */,
			);
			buildRules = (
			);
			dependencies = (
				9B6816D820F55C5E00A2153F /* PBXTargetDependency */,
			);
			name = scheduleappTests;
			productName = scheduleappTests;
			productReference = 9B6816D620F55C5E00A2153F /* scheduleappTests.xctest */;
			productType = "com.apple.product-type.bundle.unit-test";
		};
		9B6816E020F55C5E00A2153F /* scheduleappUITests */ = {
			isa = PBXNativeTarget;
			buildConfigurationList = 9B6816F020F55C5E00A2153F /* Build configuration list for PBXNativeTarget "scheduleappUITests" */;
			buildPhases = (
				086043F73BA62F35C33A2B39 /* [CP] Check Pods Manifest.lock */,
				9B6816DD20F55C5E00A2153F /* Sources */,
				9B6816DE20F55C5E00A2153F /* Frameworks */,
				9B6816DF20F55C5E00A2153F /* Resources */,
			);
			buildRules = (
			);
			dependencies = (
				9B6816E320F55C5E00A2153F /* PBXTargetDependency */,
			);
			name = scheduleappUITests;
			productName = scheduleappUITests;
			productReference = 9B6816E120F55C5E00A2153F /* scheduleappUITests.xctest */;
			productType = "com.apple.product-type.bundle.ui-testing";
		};
/* End PBXNativeTarget section */

/* Begin PBXProject section */
		9B6816BA20F55C5E00A2153F /* Project object */ = {
			isa = PBXProject;
			attributes = {
				LastSwiftUpdateCheck = 0940;
				LastUpgradeCheck = 0940;
				ORGANIZATIONNAME = "Kaiser De Kam";
				TargetAttributes = {
					9B6816C120F55C5E00A2153F = {
						CreatedOnToolsVersion = 9.4;
					};
					9B6816D520F55C5E00A2153F = {
						CreatedOnToolsVersion = 9.4;
						TestTargetID = 9B6816C120F55C5E00A2153F;
					};
					9B6816E020F55C5E00A2153F = {
						CreatedOnToolsVersion = 9.4;
						TestTargetID = 9B6816C120F55C5E00A2153F;
					};
				};
			};
			buildConfigurationList = 9B6816BD20F55C5E00A2153F /* Build configuration list for PBXProject "SendMe" */;
			compatibilityVersion = "Xcode 9.3";
			developmentRegion = en;
			hasScannedForEncodings = 0;
			knownRegions = (
				en,
				Base,
			);
			mainGroup = 9B6816B920F55C5E00A2153F;
			productRefGroup = 9B6816C320F55C5E00A2153F /* Products */;
			projectDirPath = "";
			projectRoot = "";
			targets = (
				9B6816C120F55C5E00A2153F /* scheduleapp */,
				9B6816D520F55C5E00A2153F /* scheduleappTests */,
				9B6816E020F55C5E00A2153F /* scheduleappUITests */,
			);
		};
/* End PBXProject section */

/* Begin PBXResourcesBuildPhase section */
		9B6816C020F55C5E00A2153F /* Resources */ = {
			isa = PBXResourcesBuildPhase;
			buildActionMask = 2147483647;
			files = (
				9B6816D020F55C5E00A2153F /* LaunchScreen.storyboard in Resources */,
				9B6816CD20F55C5E00A2153F /* Assets.xcassets in Resources */,
				9B827B0D2164762100A78BB3 /* GoogleService-Info.plist in Resources */,
				9B6816CB20F55C5E00A2153F /* Main.storyboard in Resources */,
				9B386E4621067FF70049F307 /* greenStatus.png in Resources */,
			);
			runOnlyForDeploymentPostprocessing = 0;
		};
		9B6816D420F55C5E00A2153F /* Resources */ = {
			isa = PBXResourcesBuildPhase;
			buildActionMask = 2147483647;
			files = (
			);
			runOnlyForDeploymentPostprocessing = 0;
		};
		9B6816DF20F55C5E00A2153F /* Resources */ = {
			isa = PBXResourcesBuildPhase;
			buildActionMask = 2147483647;
			files = (
			);
			runOnlyForDeploymentPostprocessing = 0;
		};
/* End PBXResourcesBuildPhase section */

/* Begin PBXShellScriptBuildPhase section */
		086043F73BA62F35C33A2B39 /* [CP] Check Pods Manifest.lock */ = {
			isa = PBXShellScriptBuildPhase;
			buildActionMask = 2147483647;
			files = (
			);
			inputFileListPaths = (
			);
			inputPaths = (
				"${PODS_PODFILE_DIR_PATH}/Podfile.lock",
				"${PODS_ROOT}/Manifest.lock",
			);
			name = "[CP] Check Pods Manifest.lock";
			outputFileListPaths = (
			);
			outputPaths = (
				"$(DERIVED_FILE_DIR)/Pods-scheduleappUITests-checkManifestLockResult.txt",
			);
			runOnlyForDeploymentPostprocessing = 0;
			shellPath = /bin/sh;
			shellScript = "diff \"${PODS_PODFILE_DIR_PATH}/Podfile.lock\" \"${PODS_ROOT}/Manifest.lock\" > /dev/null\nif [ $? != 0 ] ; then\n    # print error to STDERR\n    echo \"error: The sandbox is not in sync with the Podfile.lock. Run 'pod install' or update your CocoaPods installation.\" >&2\n    exit 1\nfi\n# This output is used by Xcode 'outputs' to avoid re-running this script phase.\necho \"SUCCESS\" > \"${SCRIPT_OUTPUT_FILE_0}\"\n";
			showEnvVarsInLog = 0;
		};
		3ECA5F4590869ED38ED7B087 /* [CP] Check Pods Manifest.lock */ = {
			isa = PBXShellScriptBuildPhase;
			buildActionMask = 2147483647;
			files = (
			);
			inputFileListPaths = (
			);
			inputPaths = (
				"${PODS_PODFILE_DIR_PATH}/Podfile.lock",
				"${PODS_ROOT}/Manifest.lock",
			);
			name = "[CP] Check Pods Manifest.lock";
			outputFileListPaths = (
			);
			outputPaths = (
				"$(DERIVED_FILE_DIR)/Pods-scheduleapp-checkManifestLockResult.txt",
			);
			runOnlyForDeploymentPostprocessing = 0;
			shellPath = /bin/sh;
			shellScript = "diff \"${PODS_PODFILE_DIR_PATH}/Podfile.lock\" \"${PODS_ROOT}/Manifest.lock\" > /dev/null\nif [ $? != 0 ] ; then\n    # print error to STDERR\n    echo \"error: The sandbox is not in sync with the Podfile.lock. Run 'pod install' or update your CocoaPods installation.\" >&2\n    exit 1\nfi\n# This output is used by Xcode 'outputs' to avoid re-running this script phase.\necho \"SUCCESS\" > \"${SCRIPT_OUTPUT_FILE_0}\"\n";
			showEnvVarsInLog = 0;
		};
		A524E64FC40B4E2A64E522D7 /* [CP] Check Pods Manifest.lock */ = {
			isa = PBXShellScriptBuildPhase;
			buildActionMask = 2147483647;
			files = (
			);
			inputFileListPaths = (
			);
			inputPaths = (
				"${PODS_PODFILE_DIR_PATH}/Podfile.lock",
				"${PODS_ROOT}/Manifest.lock",
			);
			name = "[CP] Check Pods Manifest.lock";
			outputFileListPaths = (
			);
			outputPaths = (
				"$(DERIVED_FILE_DIR)/Pods-scheduleappTests-checkManifestLockResult.txt",
			);
			runOnlyForDeploymentPostprocessing = 0;
			shellPath = /bin/sh;
			shellScript = "diff \"${PODS_PODFILE_DIR_PATH}/Podfile.lock\" \"${PODS_ROOT}/Manifest.lock\" > /dev/null\nif [ $? != 0 ] ; then\n    # print error to STDERR\n    echo \"error: The sandbox is not in sync with the Podfile.lock. Run 'pod install' or update your CocoaPods installation.\" >&2\n    exit 1\nfi\n# This output is used by Xcode 'outputs' to avoid re-running this script phase.\necho \"SUCCESS\" > \"${SCRIPT_OUTPUT_FILE_0}\"\n";
			showEnvVarsInLog = 0;
		};
		F8AEDFDABD4EA2E3BE0429A9 /* [CP] Embed Pods Frameworks */ = {
			isa = PBXShellScriptBuildPhase;
			buildActionMask = 2147483647;
			files = (
			);
			inputFileListPaths = (
			);
			inputPaths = (
				"${SRCROOT}/Pods/Target Support Files/Pods-scheduleapp/Pods-scheduleapp-frameworks.sh",
				"${BUILT_PRODUCTS_DIR}/GoogleUtilities/GoogleUtilities.framework",
				"${BUILT_PRODUCTS_DIR}/leveldb-library/leveldb.framework",
				"${BUILT_PRODUCTS_DIR}/nanopb/nanopb.framework",
			);
			name = "[CP] Embed Pods Frameworks";
			outputFileListPaths = (
			);
			outputPaths = (
				"${TARGET_BUILD_DIR}/${FRAMEWORKS_FOLDER_PATH}/GoogleUtilities.framework",
				"${TARGET_BUILD_DIR}/${FRAMEWORKS_FOLDER_PATH}/leveldb.framework",
				"${TARGET_BUILD_DIR}/${FRAMEWORKS_FOLDER_PATH}/nanopb.framework",
			);
			runOnlyForDeploymentPostprocessing = 0;
			shellPath = /bin/sh;
			shellScript = "\"${SRCROOT}/Pods/Target Support Files/Pods-scheduleapp/Pods-scheduleapp-frameworks.sh\"\n";
			showEnvVarsInLog = 0;
		};
/* End PBXShellScriptBuildPhase section */

/* Begin PBXSourcesBuildPhase section */
		9B6816BE20F55C5E00A2153F /* Sources */ = {
			isa = PBXSourcesBuildPhase;
			buildActionMask = 2147483647;
			files = (
				9B42EF9F211E3FEC00165B37 /* LoginViewController.swift in Sources */,
				9B6816F820F5679E00A2153F /* MyViewCell.swift in Sources */,
				9B42EFA1211E9FA800165B37 /* SettingsViewController.swift in Sources */,
				9B18699A21042D8800FAB5CC /* SendMe.xcdatamodeld in Sources */,
				9B6816F620F561DA00A2153F /* SecondViewController.swift in Sources */,
				9BB72BEF215986410068F857 /* MySpecialCell.swift in Sources */,
				9B6816C820F55C5E00A2153F /* ViewController.swift in Sources */,
				9B6816C620F55C5E00A2153F /* AppDelegate.swift in Sources */,
			);
			runOnlyForDeploymentPostprocessing = 0;
		};
		9B6816D220F55C5E00A2153F /* Sources */ = {
			isa = PBXSourcesBuildPhase;
			buildActionMask = 2147483647;
			files = (
				9B6816DB20F55C5E00A2153F /* scheduleappTests.swift in Sources */,
			);
			runOnlyForDeploymentPostprocessing = 0;
		};
		9B6816DD20F55C5E00A2153F /* Sources */ = {
			isa = PBXSourcesBuildPhase;
			buildActionMask = 2147483647;
			files = (
				9B6816E620F55C5E00A2153F /* scheduleappUITests.swift in Sources */,
			);
			runOnlyForDeploymentPostprocessing = 0;
		};
/* End PBXSourcesBuildPhase section */

/* Begin PBXTargetDependency section */
		9B6816D820F55C5E00A2153F /* PBXTargetDependency */ = {
			isa = PBXTargetDependency;
			target = 9B6816C120F55C5E00A2153F /* scheduleapp */;
			targetProxy = 9B6816D720F55C5E00A2153F /* PBXContainerItemProxy */;
		};
		9B6816E320F55C5E00A2153F /* PBXTargetDependency */ = {
			isa = PBXTargetDependency;
			target = 9B6816C120F55C5E00A2153F /* scheduleapp */;
			targetProxy = 9B6816E220F55C5E00A2153F /* PBXContainerItemProxy */;
		};
/* End PBXTargetDependency section */

/* Begin PBXVariantGroup section */
		9B6816C920F55C5E00A2153F /* Main.storyboard */ = {
			isa = PBXVariantGroup;
			children = (
				9B6816CA20F55C5E00A2153F /* Base */,
			);
			name = Main.storyboard;
			sourceTree = "<group>";
		};
		9B6816CE20F55C5E00A2153F /* LaunchScreen.storyboard */ = {
			isa = PBXVariantGroup;
			children = (
				9B6816CF20F55C5E00A2153F /* Base */,
			);
			name = LaunchScreen.storyboard;
			sourceTree = "<group>";
		};
/* End PBXVariantGroup section */

/* Begin XCBuildConfiguration section */
		9B6816E820F55C5E00A2153F /* Debug */ = {
			isa = XCBuildConfiguration;
			buildSettings = {
				ALWAYS_SEARCH_USER_PATHS = NO;
				CLANG_ANALYZER_NONNULL = YES;
				CLANG_ANALYZER_NUMBER_OBJECT_CONVERSION = YES_AGGRESSIVE;
				CLANG_CXX_LANGUAGE_STANDARD = "gnu++14";
				CLANG_CXX_LIBRARY = "libc++";
				CLANG_ENABLE_MODULES = YES;
				CLANG_ENABLE_OBJC_ARC = YES;
				CLANG_ENABLE_OBJC_WEAK = YES;
				CLANG_WARN_BLOCK_CAPTURE_AUTORELEASING = YES;
				CLANG_WARN_BOOL_CONVERSION = YES;
				CLANG_WARN_COMMA = YES;
				CLANG_WARN_CONSTANT_CONVERSION = YES;
				CLANG_WARN_DEPRECATED_OBJC_IMPLEMENTATIONS = YES;
				CLANG_WARN_DIRECT_OBJC_ISA_USAGE = YES_ERROR;
				CLANG_WARN_DOCUMENTATION_COMMENTS = YES;
				CLANG_WARN_EMPTY_BODY = YES;
				CLANG_WARN_ENUM_CONVERSION = YES;
				CLANG_WARN_INFINITE_RECURSION = YES;
				CLANG_WARN_INT_CONVERSION = YES;
				CLANG_WARN_NON_LITERAL_NULL_CONVERSION = YES;
				CLANG_WARN_OBJC_IMPLICIT_RETAIN_SELF = YES;
				CLANG_WARN_OBJC_LITERAL_CONVERSION = YES;
				CLANG_WARN_OBJC_ROOT_CLASS = YES_ERROR;
				CLANG_WARN_RANGE_LOOP_ANALYSIS = YES;
				CLANG_WARN_STRICT_PROTOTYPES = YES;
				CLANG_WARN_SUSPICIOUS_MOVE = YES;
				CLANG_WARN_UNGUARDED_AVAILABILITY = YES_AGGRESSIVE;
				CLANG_WARN_UNREACHABLE_CODE = YES;
				CLANG_WARN__DUPLICATE_METHOD_MATCH = YES;
				CODE_SIGN_IDENTITY = "iPhone Developer";
				COPY_PHASE_STRIP = NO;
				DEBUG_INFORMATION_FORMAT = dwarf;
				ENABLE_STRICT_OBJC_MSGSEND = YES;
				ENABLE_TESTABILITY = YES;
				GCC_C_LANGUAGE_STANDARD = gnu11;
				GCC_DYNAMIC_NO_PIC = NO;
				GCC_NO_COMMON_BLOCKS = YES;
				GCC_OPTIMIZATION_LEVEL = 0;
				GCC_PREPROCESSOR_DEFINITIONS = (
					"DEBUG=1",
					"$(inherited)",
				);
				GCC_WARN_64_TO_32_BIT_CONVERSION = YES;
				GCC_WARN_ABOUT_RETURN_TYPE = YES_ERROR;
				GCC_WARN_UNDECLARED_SELECTOR = YES;
				GCC_WARN_UNINITIALIZED_AUTOS = YES_AGGRESSIVE;
				GCC_WARN_UNUSED_FUNCTION = YES;
				GCC_WARN_UNUSED_VARIABLE = YES;
				IPHONEOS_DEPLOYMENT_TARGET = 11.4;
				MTL_ENABLE_DEBUG_INFO = YES;
				ONLY_ACTIVE_ARCH = YES;
				SDKROOT = iphoneos;
				SWIFT_ACTIVE_COMPILATION_CONDITIONS = DEBUG;
				SWIFT_OPTIMIZATION_LEVEL = "-Onone";
			};
			name = Debug;
		};
		9B6816E920F55C5E00A2153F /* Release */ = {
			isa = XCBuildConfiguration;
			buildSettings = {
				ALWAYS_SEARCH_USER_PATHS = NO;
				CLANG_ANALYZER_NONNULL = YES;
				CLANG_ANALYZER_NUMBER_OBJECT_CONVERSION = YES_AGGRESSIVE;
				CLANG_CXX_LANGUAGE_STANDARD = "gnu++14";
				CLANG_CXX_LIBRARY = "libc++";
				CLANG_ENABLE_MODULES = YES;
				CLANG_ENABLE_OBJC_ARC = YES;
				CLANG_ENABLE_OBJC_WEAK = YES;
				CLANG_WARN_BLOCK_CAPTURE_AUTORELEASING = YES;
				CLANG_WARN_BOOL_CONVERSION = YES;
				CLANG_WARN_COMMA = YES;
				CLANG_WARN_CONSTANT_CONVERSION = YES;
				CLANG_WARN_DEPRECATED_OBJC_IMPLEMENTATIONS = YES;
				CLANG_WARN_DIRECT_OBJC_ISA_USAGE = YES_ERROR;
				CLANG_WARN_DOCUMENTATION_COMMENTS = YES;
				CLANG_WARN_EMPTY_BODY = YES;
				CLANG_WARN_ENUM_CONVERSION = YES;
				CLANG_WARN_INFINITE_RECURSION = YES;
				CLANG_WARN_INT_CONVERSION = YES;
				CLANG_WARN_NON_LITERAL_NULL_CONVERSION = YES;
				CLANG_WARN_OBJC_IMPLICIT_RETAIN_SELF = YES;
				CLANG_WARN_OBJC_LITERAL_CONVERSION = YES;
				CLANG_WARN_OBJC_ROOT_CLASS = YES_ERROR;
				CLANG_WARN_RANGE_LOOP_ANALYSIS = YES;
				CLANG_WARN_STRICT_PROTOTYPES = YES;
				CLANG_WARN_SUSPICIOUS_MOVE = YES;
				CLANG_WARN_UNGUARDED_AVAILABILITY = YES_AGGRESSIVE;
				CLANG_WARN_UNREACHABLE_CODE = YES;
				CLANG_WARN__DUPLICATE_METHOD_MATCH = YES;
				CODE_SIGN_IDENTITY = "iPhone Developer";
				COPY_PHASE_STRIP = NO;
				DEBUG_INFORMATION_FORMAT = "dwarf-with-dsym";
				ENABLE_NS_ASSERTIONS = NO;
				ENABLE_STRICT_OBJC_MSGSEND = YES;
				GCC_C_LANGUAGE_STANDARD = gnu11;
				GCC_NO_COMMON_BLOCKS = YES;
				GCC_WARN_64_TO_32_BIT_CONVERSION = YES;
				GCC_WARN_ABOUT_RETURN_TYPE = YES_ERROR;
				GCC_WARN_UNDECLARED_SELECTOR = YES;
				GCC_WARN_UNINITIALIZED_AUTOS = YES_AGGRESSIVE;
				GCC_WARN_UNUSED_FUNCTION = YES;
				GCC_WARN_UNUSED_VARIABLE = YES;
				IPHONEOS_DEPLOYMENT_TARGET = 11.4;
				MTL_ENABLE_DEBUG_INFO = NO;
				SDKROOT = iphoneos;
				SWIFT_COMPILATION_MODE = wholemodule;
				SWIFT_OPTIMIZATION_LEVEL = "-O";
				VALIDATE_PRODUCT = YES;
			};
			name = Release;
		};
		9B6816EB20F55C5E00A2153F /* Debug */ = {
			isa = XCBuildConfiguration;
			baseConfigurationReference = DFCD8AAB6BAB5BEF1F9BCA8A /* Pods-scheduleapp.debug.xcconfig */;
			buildSettings = {
				ASSETCATALOG_COMPILER_APPICON_NAME = AppIcon;
				CODE_SIGN_STYLE = Automatic;
				DEVELOPMENT_TEAM = 78PBENU847;
				INFOPLIST_FILE = scheduleapp/Info.plist;
				LD_RUNPATH_SEARCH_PATHS = (
					"$(inherited)",
					"@executable_path/Frameworks",
				);
				PRODUCT_BUNDLE_IDENTIFIER = kaiserdekam.scheduleapp;
				PRODUCT_NAME = "$(TARGET_NAME)";
				SWIFT_VERSION = 4.0;
				TARGETED_DEVICE_FAMILY = "1,2";
			};
			name = Debug;
		};
		9B6816EC20F55C5E00A2153F /* Release */ = {
			isa = XCBuildConfiguration;
			baseConfigurationReference = DD0F8FE8DE9817CEE2907536 /* Pods-scheduleapp.release.xcconfig */;
			buildSettings = {
				ASSETCATALOG_COMPILER_APPICON_NAME = AppIcon;
				CODE_SIGN_STYLE = Automatic;
				DEVELOPMENT_TEAM = 78PBENU847;
				INFOPLIST_FILE = scheduleapp/Info.plist;
				LD_RUNPATH_SEARCH_PATHS = (
					"$(inherited)",
					"@executable_path/Frameworks",
				);
				PRODUCT_BUNDLE_IDENTIFIER = kaiserdekam.scheduleapp;
				PRODUCT_NAME = "$(TARGET_NAME)";
				SWIFT_VERSION = 4.0;
				TARGETED_DEVICE_FAMILY = "1,2";
			};
			name = Release;
		};
		9B6816EE20F55C5E00A2153F /* Debug */ = {
			isa = XCBuildConfiguration;
			baseConfigurationReference = D50DEFD8D6A85070B6F8AC75 /* Pods-scheduleappTests.debug.xcconfig */;
			buildSettings = {
				ALWAYS_EMBED_SWIFT_STANDARD_LIBRARIES = YES;
				BUNDLE_LOADER = "$(TEST_HOST)";
				CODE_SIGN_STYLE = Automatic;
				INFOPLIST_FILE = scheduleappTests/Info.plist;
				LD_RUNPATH_SEARCH_PATHS = (
					"$(inherited)",
					"@executable_path/Frameworks",
					"@loader_path/Frameworks",
				);
				PRODUCT_BUNDLE_IDENTIFIER = kaiserdekam.scheduleappTests;
				PRODUCT_NAME = "$(TARGET_NAME)";
				SWIFT_VERSION = 4.0;
				TARGETED_DEVICE_FAMILY = "1,2";
				TEST_HOST = "$(BUILT_PRODUCTS_DIR)/scheduleapp.app/scheduleapp";
			};
			name = Debug;
		};
		9B6816EF20F55C5E00A2153F /* Release */ = {
			isa = XCBuildConfiguration;
			baseConfigurationReference = E0D06111485C3D72CB3691D7 /* Pods-scheduleappTests.release.xcconfig */;
			buildSettings = {
				ALWAYS_EMBED_SWIFT_STANDARD_LIBRARIES = YES;
				BUNDLE_LOADER = "$(TEST_HOST)";
				CODE_SIGN_STYLE = Automatic;
				INFOPLIST_FILE = scheduleappTests/Info.plist;
				LD_RUNPATH_SEARCH_PATHS = (
					"$(inherited)",
					"@executable_path/Frameworks",
					"@loader_path/Frameworks",
				);
				PRODUCT_BUNDLE_IDENTIFIER = kaiserdekam.scheduleappTests;
				PRODUCT_NAME = "$(TARGET_NAME)";
				SWIFT_VERSION = 4.0;
				TARGETED_DEVICE_FAMILY = "1,2";
				TEST_HOST = "$(BUILT_PRODUCTS_DIR)/scheduleapp.app/scheduleapp";
			};
			name = Release;
		};
		9B6816F120F55C5E00A2153F /* Debug */ = {
			isa = XCBuildConfiguration;
			baseConfigurationReference = 1FBACAB8D06312FAE915BC7E /* Pods-scheduleappUITests.debug.xcconfig */;
			buildSettings = {
				ALWAYS_EMBED_SWIFT_STANDARD_LIBRARIES = YES;
				CODE_SIGN_STYLE = Automatic;
				INFOPLIST_FILE = scheduleappUITests/Info.plist;
				LD_RUNPATH_SEARCH_PATHS = (
					"$(inherited)",
					"@executable_path/Frameworks",
					"@loader_path/Frameworks",
				);
				PRODUCT_BUNDLE_IDENTIFIER = kaiserdekam.scheduleappUITests;
				PRODUCT_NAME = "$(TARGET_NAME)";
				SWIFT_VERSION = 4.0;
				TARGETED_DEVICE_FAMILY = "1,2";
				TEST_TARGET_NAME = scheduleapp;
			};
			name = Debug;
		};
		9B6816F220F55C5E00A2153F /* Release */ = {
			isa = XCBuildConfiguration;
			baseConfigurationReference = 8D568909EB38EB3A8B7332F4 /* Pods-scheduleappUITests.release.xcconfig */;
			buildSettings = {
				ALWAYS_EMBED_SWIFT_STANDARD_LIBRARIES = YES;
				CODE_SIGN_STYLE = Automatic;
				INFOPLIST_FILE = scheduleappUITests/Info.plist;
				LD_RUNPATH_SEARCH_PATHS = (
					"$(inherited)",
					"@executable_path/Frameworks",
					"@loader_path/Frameworks",
				);
				PRODUCT_BUNDLE_IDENTIFIER = kaiserdekam.scheduleappUITests;
				PRODUCT_NAME = "$(TARGET_NAME)";
				SWIFT_VERSION = 4.0;
				TARGETED_DEVICE_FAMILY = "1,2";
				TEST_TARGET_NAME = scheduleapp;
			};
			name = Release;
		};
/* End XCBuildConfiguration section */

/* Begin XCConfigurationList section */
		9B6816BD20F55C5E00A2153F /* Build configuration list for PBXProject "SendMe" */ = {
			isa = XCConfigurationList;
			buildConfigurations = (
				9B6816E820F55C5E00A2153F /* Debug */,
				9B6816E920F55C5E00A2153F /* Release */,
			);
			defaultConfigurationIsVisible = 0;
			defaultConfigurationName = Release;
		};
		9B6816EA20F55C5E00A2153F /* Build configuration list for PBXNativeTarget "scheduleapp" */ = {
			isa = XCConfigurationList;
			buildConfigurations = (
				9B6816EB20F55C5E00A2153F /* Debug */,
				9B6816EC20F55C5E00A2153F /* Release */,
			);
			defaultConfigurationIsVisible = 0;
			defaultConfigurationName = Release;
		};
		9B6816ED20F55C5E00A2153F /* Build configuration list for PBXNativeTarget "scheduleappTests" */ = {
			isa = XCConfigurationList;
			buildConfigurations = (
				9B6816EE20F55C5E00A2153F /* Debug */,
				9B6816EF20F55C5E00A2153F /* Release */,
			);
			defaultConfigurationIsVisible = 0;
			defaultConfigurationName = Release;
		};
		9B6816F020F55C5E00A2153F /* Build configuration list for PBXNativeTarget "scheduleappUITests" */ = {
			isa = XCConfigurationList;
			buildConfigurations = (
				9B6816F120F55C5E00A2153F /* Debug */,
				9B6816F220F55C5E00A2153F /* Release */,
			);
			defaultConfigurationIsVisible = 0;
			defaultConfigurationName = Release;
		};
/* End XCConfigurationList section */

/* Begin XCVersionGroup section */
		9B18699721042C1100FAB5CC /* SendMe.xcdatamodeld */ = {
			isa = XCVersionGroup;
			children = (
				9B18699821042C1100FAB5CC /* SendMe.xcdatamodel */,
			);
			currentVersion = 9B18699821042C1100FAB5CC /* SendMe.xcdatamodel */;
			path = SendMe.xcdatamodeld;
			sourceTree = "<group>";
			versionGroupType = wrapper.xcdatamodel;
		};
/* End XCVersionGroup section */
	};
	rootObject = 9B6816BA20F55C5E00A2153F /* Project object */;
}
